{
  "name": "a11y-dialog-v7",
  "version": "1.0.0",
  "lockfileVersion": 1,
  "requires": true,
  "dependencies": {
    "a11y-dialog": {
      "version": "7.3.0",
      "resolved": "https://registry.npmjs.org/a11y-dialog/-/a11y-dialog-7.3.0.tgz",
      "integrity": "sha512-xrpSBbOOtGHT+gXcTk9uXfvfFx1xd3LebBhjpjd5xedzeM2FPqNeT6BvLjB+ej8oEH2fCpDHKn5JIlmiNyV5bA==",
      "requires": {
        "focusable-selectors": "^0.3.1"
      },
      "dependencies": {
        "focusable-selectors": {
          "version": "0.3.1",
          "resolved": "https://registry.npmjs.org/focusable-selectors/-/focusable-selectors-0.3.1.tgz",
          "integrity": "sha512-5JLtr0e1YJIfmnVlpLiG+av07dd0Xkf/KfswsXcei5KmLfdwOysTQsjF058ynXniujb1fvev7nql1x+CkC5ikw=="
        }
      }
    },
    "focusable-selectors": {
      "version": "0.3.0",
      "resolved": "https://registry.npmjs.org/focusable-selectors/-/focusable-selectors-0.3.0.tgz",
      "integrity": "sha512-R3zJNkDh17VnJZVFtMI3JGoUF8Zld55MKrfiHEjhVAN0+BXxYnjiyMkvAHoLNVs4jvJjjbT9O9c3QInrDZiBOA=="
    }
  }
}
